{
  "lockfile_version": "1",
  "packages": {
    "libiconv@latest": {
      "last_modified": "2024-12-08T11:15:23Z",
      "resolved": "github:NixOS/nixpkgs/93dc9803a1ee435e590b02cde9589038d5cc3a4e#libiconv",
      "source": "devbox-search",
      "version": "107",
      "systems": {
        "aarch64-darwin": {
          "outputs": [
            {
              "name": "out",
              "path": "/nix/store/dka6i6yj8sgws93wc6m0lmqzhk21kq87-libiconv-107",
              "default": true
            },
            {
              "name": "dev",
              "path": "/nix/store/h36yb01kvdf2431abrlwphk8ax0ii4ds-libiconv-107-dev"
            }
          ],
          "store_path": "/nix/store/dka6i6yj8sgws93wc6m0lmqzhk21kq87-libiconv-107"
        },
        "x86_64-darwin": {
          "outputs": [
            {
              "name": "out",
              "path": "/nix/store/ns9fk2cg2k84c2b10cwassgk44gim2c8-libiconv-107",
              "default": true
            },
            {
              "name": "dev",
              "path": "/nix/store/5b7ddkjx3bp5yv3rf172dqp6f2957l2g-libiconv-107-dev"
            }
          ],
          "store_path": "/nix/store/ns9fk2cg2k84c2b10cwassgk44gim2c8-libiconv-107"
        }
      }
    },
    "rustup@latest": {
      "last_modified": "2024-11-22T01:27:12Z",
      "plugin_version": "0.0.1",
      "resolved": "github:NixOS/nixpkgs/8edf06bea5bcbee082df1b7369ff973b91618b8d#rustup",
      "source": "devbox-search",
      "version": "1.27.1",
      "systems": {
        "aarch64-darwin": {
          "outputs": [
            {
              "name": "out",
              "path": "/nix/store/693yqaxdw05xy9f74y5kqzdj0v1yj1mr-rustup-1.27.1",
              "default": true
            }
          ],
          "store_path": "/nix/store/693yqaxdw05xy9f74y5kqzdj0v1yj1mr-rustup-1.27.1"
        },
        "aarch64-linux": {
          "outputs": [
            {
              "name": "out",
              "path": "/nix/store/8hbd2v1gbzyisymqirikh7n542b3c3yd-rustup-1.27.1",
              "default": true
            }
          ],
          "store_path": "/nix/store/8hbd2v1gbzyisymqirikh7n542b3c3yd-rustup-1.27.1"
        },
        "x86_64-darwin": {
          "outputs": [
            {
              "name": "out",
              "path": "/nix/store/kq9sb60cy71hs2hb3kbm86fx54pd946f-rustup-1.27.1",
              "default": true
            }
          ],
          "store_path": "/nix/store/kq9sb60cy71hs2hb3kbm86fx54pd946f-rustup-1.27.1"
        },
        "x86_64-linux": {
          "outputs": [
            {
              "name": "out",
              "path": "/nix/store/61cl3xwz7y6msh50j9793lgyqjl95qc2-rustup-1.27.1",
              "default": true
            }
          ],
          "store_path": "/nix/store/61cl3xwz7y6msh50j9793lgyqjl95qc2-rustup-1.27.1"
        }
      }
    }
  }
}
